
Microsoft Visual Studio Solution File, Format Version 12.00
# Visual Studio Version 17
VisualStudioVersion = 17.5.002.0
MinimumVisualStudioVersion = 10.0.40219.1
Project("{9A19103F-16F7-4668-BE54-9A1E7A4F7556}") = "Web-Socket", "Web-Socket.csproj", "{0D8F448D-C582-40C5-8B0F-2F583FE7774E}"
EndProject
Global
	GlobalSection(SolutionConfigurationPlatforms) = preSolution
		Debug|Any CPU = Debug|Any CPU
		Release|Any CPU = Release|Any CPU
	EndGlobalSection
	GlobalSection(ProjectConfigurationPlatforms) = postSolution
		{0D8F448D-C582-40C5-8B0F-2F583FE7774E}.Debug|Any CPU.ActiveCfg = Debug|Any CPU
		{0D8F448D-C582-40C5-8B0F-2F583FE7774E}.Debug|Any CPU.Build.0 = Debug|Any CPU
		{0D8F448D-C582-40C5-8B0F-2F583FE7774E}.Release|Any CPU.ActiveCfg = Release|Any CPU
		{0D8F448D-C582-40C5-8B0F-2F583FE7774E}.Release|Any CPU.Build.0 = Release|Any CPU
	EndGlobalSection
	GlobalSection(SolutionProperties) = preSolution
		HideSolutionNode = FALSE
	EndGlobalSection
	GlobalSection(ExtensibilityGlobals) = postSolution
		SolutionGuid = {CC13D6CF-2864-4644-A924-74D196A1D9F7}
	EndGlobalSection
EndGlobal
